
Microsoft Visual Studio Solution File, Format Version 12.00
# Visual Studio Version 16
VisualStudioVersion = 16.0.30320.27
MinimumVisualStudioVersion = 10.0.40219.1
Project("{9A19103F-16F7-4668-BE54-9A1E7A4F7556}") = "Uno.Net", "Uno.Net\Uno.Net.csproj", "{0297D0EF-0745-410A-B931-733E8B8045A8}"
EndProject
Project("{9A19103F-16F7-4668-BE54-9A1E7A4F7556}") = "Uno.App", "Uno.App\Uno.App.csproj", "{E192B57B-11AB-430B-B4E1-1DD825D0C932}"
EndProject
Project("{FAE04EC0-301F-11D3-BF4B-00C04F79EFBC}") = "Uno", "Uno\Uno.csproj", "{195A9A1D-37CE-45AB-BAB0-DB07CA8D202B}"
EndProject
Global
	GlobalSection(SolutionConfigurationPlatforms) = preSolution
		Debug|Any CPU = Debug|Any CPU
		Debug|x64 = Debug|x64
		Release|Any CPU = Release|Any CPU
		Release|x64 = Release|x64
	EndGlobalSection
	GlobalSection(ProjectConfigurationPlatforms) = postSolution
		{0297D0EF-0745-410A-B931-733E8B8045A8}.Debug|Any CPU.ActiveCfg = Debug|Any CPU
		{0297D0EF-0745-410A-B931-733E8B8045A8}.Debug|Any CPU.Build.0 = Debug|Any CPU
		{0297D0EF-0745-410A-B931-733E8B8045A8}.Debug|x64.ActiveCfg = Debug|x64
		{0297D0EF-0745-410A-B931-733E8B8045A8}.Debug|x64.Build.0 = Debug|x64
		{0297D0EF-0745-410A-B931-733E8B8045A8}.Release|Any CPU.ActiveCfg = Release|Any CPU
		{0297D0EF-0745-410A-B931-733E8B8045A8}.Release|Any CPU.Build.0 = Release|Any CPU
		{0297D0EF-0745-410A-B931-733E8B8045A8}.Release|x64.ActiveCfg = Release|x64
		{0297D0EF-0745-410A-B931-733E8B8045A8}.Release|x64.Build.0 = Release|x64
		{E192B57B-11AB-430B-B4E1-1DD825D0C932}.Debug|Any CPU.ActiveCfg = Debug|Any CPU
		{E192B57B-11AB-430B-B4E1-1DD825D0C932}.Debug|Any CPU.Build.0 = Debug|Any CPU
		{E192B57B-11AB-430B-B4E1-1DD825D0C932}.Debug|x64.ActiveCfg = Debug|Any CPU
		{E192B57B-11AB-430B-B4E1-1DD825D0C932}.Debug|x64.Build.0 = Debug|Any CPU
		{E192B57B-11AB-430B-B4E1-1DD825D0C932}.Release|Any CPU.ActiveCfg = Release|Any CPU
		{E192B57B-11AB-430B-B4E1-1DD825D0C932}.Release|Any CPU.Build.0 = Release|Any CPU
		{E192B57B-11AB-430B-B4E1-1DD825D0C932}.Release|x64.ActiveCfg = Release|Any CPU
		{E192B57B-11AB-430B-B4E1-1DD825D0C932}.Release|x64.Build.0 = Release|Any CPU
		{195A9A1D-37CE-45AB-BAB0-DB07CA8D202B}.Debug|Any CPU.ActiveCfg = Debug|Any CPU
		{195A9A1D-37CE-45AB-BAB0-DB07CA8D202B}.Debug|Any CPU.Build.0 = Debug|Any CPU
		{195A9A1D-37CE-45AB-BAB0-DB07CA8D202B}.Debug|x64.ActiveCfg = Debug|Any CPU
		{195A9A1D-37CE-45AB-BAB0-DB07CA8D202B}.Debug|x64.Build.0 = Debug|Any CPU
		{195A9A1D-37CE-45AB-BAB0-DB07CA8D202B}.Release|Any CPU.ActiveCfg = Release|Any CPU
		{195A9A1D-37CE-45AB-BAB0-DB07CA8D202B}.Release|Any CPU.Build.0 = Release|Any CPU
		{195A9A1D-37CE-45AB-BAB0-DB07CA8D202B}.Release|x64.ActiveCfg = Release|Any CPU
		{195A9A1D-37CE-45AB-BAB0-DB07CA8D202B}.Release|x64.Build.0 = Release|Any CPU
	EndGlobalSection
	GlobalSection(SolutionProperties) = preSolution
		HideSolutionNode = FALSE
	EndGlobalSection
	GlobalSection(ExtensibilityGlobals) = postSolution
		SolutionGuid = {BBA7121B-2BB8-49CE-9F39-447751E71246}
	EndGlobalSection
EndGlobal
